
Microsoft Visual Studio Solution File, Format Version 12.00
# Visual Studio Version 17
VisualStudioVersion = 17.11.35327.3
MinimumVisualStudioVersion = 10.0.40219.1
Project("{FAE04EC0-301F-11D3-BF4B-00C04F79EFBC}") = "WebApplication1", "WebApplication1\WebApplication1.csproj", "{7DC59EC9-11FB-465C-A13A-6E53A97D147A}"
EndProject
Global
	GlobalSection(SolutionConfigurationPlatforms) = preSolution
		Debug|Any CPU = Debug|Any CPU
		Release|Any CPU = Release|Any CPU
	EndGlobalSection
	GlobalSection(ProjectConfigurationPlatforms) = postSolution
		{7DC59EC9-11FB-465C-A13A-6E53A97D147A}.Debug|Any CPU.ActiveCfg = Debug|Any CPU
		{7DC59EC9-11FB-465C-A13A-6E53A97D147A}.Debug|Any CPU.Build.0 = Debug|Any CPU
		{7DC59EC9-11FB-465C-A13A-6E53A97D147A}.Release|Any CPU.ActiveCfg = Release|Any CPU
		{7DC59EC9-11FB-465C-A13A-6E53A97D147A}.Release|Any CPU.Build.0 = Release|Any CPU
	EndGlobalSection
	GlobalSection(SolutionProperties) = preSolution
		HideSolutionNode = FALSE
	EndGlobalSection
	GlobalSection(ExtensibilityGlobals) = postSolution
		SolutionGuid = {61E3DE98-3460-45FA-B8FA-F92A13C26624}
	EndGlobalSection
EndGlobal
